// !$*UTF8*$!
{
	archiveVersion = 1;
	classes = {
	};
	objectVersion = 50;
	objects = {

/* Begin PBXBuildFile section */
		C831883B2403675F0098F65A /* AppDelegate.swift in Sources */ = {isa = PBXBuildFile; fileRef = C831883A2403675F0098F65A /* AppDelegate.swift */; };
		C831883D2403675F0098F65A /* SceneDelegate.swift in Sources */ = {isa = PBXBuildFile; fileRef = C831883C2403675F0098F65A /* SceneDelegate.swift */; };
		C831883F2403675F0098F65A /* ContentView.swift in Sources */ = {isa = PBXBuildFile; fileRef = C831883E2403675F0098F65A /* ContentView.swift */; };
		C8318841240367620098F65A /* Assets.xcassets in Resources */ = {isa = PBXBuildFile; fileRef = C8318840240367620098F65A /* Assets.xcassets */; };
		C8318844240367620098F65A /* Preview Assets.xcassets in Resources */ = {isa = PBXBuildFile; fileRef = C8318843240367620098F65A /* Preview Assets.xcassets */; };
		C8318847240367620098F65A /* LaunchScreen.storyboard in Resources */ = {isa = PBXBuildFile; fileRef = C8318845240367620098F65A /* LaunchScreen.storyboard */; };
/* End PBXBuildFile section */

/* Begin PBXFileReference section */
		C83188372403675F0098F65A /* SwiftUIAlertView.app */ = {isa = PBXFileReference; explicitFileType = wrapper.application; includeInIndex = 0; path = SwiftUIAlertView.app; sourceTree = BUILT_PRODUCTS_DIR; };
		C831883A2403675F0098F65A /* AppDelegate.swift */ = {isa = PBXFileReference; lastKnownFileType = sourcecode.swift; path = AppDelegate.swift; sourceTree = "<group>"; };
		C831883C2403675F0098F65A /* SceneDelegate.swift */ = {isa = PBXFileReference; lastKnownFileType = sourcecode.swift; path = SceneDelegate.swift; sourceTree = "<group>"; };
		C831883E2403675F0098F65A /* ContentView.swift */ = {isa = PBXFileReference; lastKnownFileType = sourcecode.swift; path = ContentView.swift; sourceTree = "<group>"; };
		C8318840240367620098F65A /* Assets.xcassets */ = {isa = PBXFileReference; lastKnownFileType = folder.assetcatalog; path = Assets.xcassets; sourceTree = "<group>"; };
		C8318843240367620098F65A /* Preview Assets.xcassets */ = {isa = PBXFileReference; lastKnownFileType = folder.assetcatalog; path = "Preview Assets.xcassets"; sourceTree = "<group>"; };
		C8318846240367620098F65A /* Base */ = {isa = PBXFileReference; lastKnownFileType = file.storyboard; name = Base; path = Base.lproj/LaunchScreen.storyboard; sourceTree = "<group>"; };
		C8318848240367620098F65A /* Info.plist */ = {isa = PBXFileReference; lastKnownFileType = text.plist.xml; path = Info.plist; sourceTree = "<group>"; };
/* End PBXFileReference section */

/* Begin PBXFrameworksBuildPhase section */
		C83188342403675F0098F65A /* Frameworks */ = {
			isa = PBXFrameworksBuildPhase;
			buildActionMask = 2147483647;
			files = (
			);
			runOnlyForDeploymentPostprocessing = 0;
		};
/* End PBXFrameworksBuildPhase section */

/* Begin PBXGroup section */
		C831882E2403675F0098F65A = {
			isa = PBXGroup;
			children = (
				C83188392403675F0098F65A /* SwiftUIAlertView */,
				C83188382403675F0098F65A /* Products */,
			);
			sourceTree = "<group>";
		};
		C83188382403675F0098F65A /* Products */ = {
			isa = PBXGroup;
			children = (
				C83188372403675F0098F65A /* SwiftUIAlertView.app */,
			);
			name = Products;
			sourceTree = "<group>";
		};
		C83188392403675F0098F65A /* SwiftUIAlertView */ = {
			isa = PBXGroup;
			children = (
				C831883A2403675F0098F65A /* AppDelegate.swift */,
				C831883C2403675F0098F65A /* SceneDelegate.swift */,
				C831883E2403675F0098F65A /* ContentView.swift */,
				C8318840240367620098F65A /* Assets.xcassets */,
				C8318845240367620098F65A /* LaunchScreen.storyboard */,
				C8318848240367620098F65A /* Info.plist */,
				C8318842240367620098F65A /* Preview Content */,
			);
			path = SwiftUIAlertView;
			sourceTree = "<group>";
		};
		C8318842240367620098F65A /* Preview Content */ = {
			isa = PBXGroup;
			children = (
				C8318843240367620098F65A /* Preview Assets.xcassets */,
			);
			path = "Preview Content";
			sourceTree = "<group>";
		};
/* End PBXGroup section */

/* Begin PBXNativeTarget section */
		C83188362403675F0098F65A /* SwiftUIAlertView */ = {
			isa = PBXNativeTarget;
			buildConfigurationList = C831884B240367620098F65A /* Build configuration list for PBXNativeTarget "SwiftUIAlertView" */;
			buildPhases = (
				C83188332403675F0098F65A /* Sources */,
				C83188342403675F0098F65A /* Frameworks */,
				C83188352403675F0098F65A /* Resources */,
			);
			buildRules = (
			);
			dependencies = (
			);
			name = SwiftUIAlertView;
			productName = SwiftUIAlertView;
			productReference = C83188372403675F0098F65A /* SwiftUIAlertView.app */;
			productType = "com.apple.product-type.application";
		};
/* End PBXNativeTarget section */

/* Begin PBXProject section */
		C831882F2403675F0098F65A /* Project object */ = {
			isa = PBXProject;
			attributes = {
				LastSwiftUpdateCheck = 1140;
				LastUpgradeCheck = 1140;
				ORGANIZATIONNAME = "Augmented Code";
				TargetAttributes = {
					C83188362403675F0098F65A = {
						CreatedOnToolsVersion = 11.4;
					};
				};
			};
			buildConfigurationList = C83188322403675F0098F65A /* Build configuration list for PBXProject "SwiftUIAlertView" */;
			compatibilityVersion = "Xcode 9.3";
			developmentRegion = en;
			hasScannedForEncodings = 0;
			knownRegions = (
				en,
				Base,
			);
			mainGroup = C831882E2403675F0098F65A;
			productRefGroup = C83188382403675F0098F65A /* Products */;
			projectDirPath = "";
			projectRoot = "";
			targets = (
				C83188362403675F0098F65A /* SwiftUIAlertView */,
			);
		};
/* End PBXProject section */

/* Begin PBXResourcesBuildPhase section */
		C83188352403675F0098F65A /* Resources */ = {
			isa = PBXResourcesBuildPhase;
			buildActionMask = 2147483647;
			files = (
				C8318847240367620098F65A /* LaunchScreen.storyboard in Resources */,
				C8318844240367620098F65A /* Preview Assets.xcassets in Resources */,
				C8318841240367620098F65A /* Assets.xcassets in Resources */,
			);
			runOnlyForDeploymentPostprocessing = 0;
		};
/* End PBXResourcesBuildPhase section */

/* Begin PBXSourcesBuildPhase section */
		C83188332403675F0098F65A /* Sources */ = {
			isa = PBXSourcesBuildPhase;
			buildActionMask = 2147483647;
			files = (
				C831883B2403675F0098F65A /* AppDelegate.swift in Sources */,
				C831883D2403675F0098F65A /* SceneDelegate.swift in Sources */,
				C831883F2403675F0098F65A /* ContentView.swift in Sources */,
			);
			runOnlyForDeploymentPostprocessing = 0;
		};
/* End PBXSourcesBuildPhase section */

/* Begin PBXVariantGroup section */
		C8318845240367620098F65A /* LaunchScreen.storyboard */ = {
			isa = PBXVariantGroup;
			children = (
				C8318846240367620098F65A /* Base */,
			);
			name = LaunchScreen.storyboard;
			sourceTree = "<group>";
		};
/* End PBXVariantGroup section */

/* Begin XCBuildConfiguration section */
		C8318849240367620098F65A /* Debug */ = {
			isa = XCBuildConfiguration;
			buildSettings = {
				ALWAYS_SEARCH_USER_PATHS = NO;
				CLANG_ANALYZER_NONNULL = YES;
				CLANG_ANALYZER_NUMBER_OBJECT_CONVERSION = YES_AGGRESSIVE;
				CLANG_CXX_LANGUAGE_STANDARD = "gnu++14";
				CLANG_CXX_LIBRARY = "libc++";
				CLANG_ENABLE_MODULES = YES;
				CLANG_ENABLE_OBJC_ARC = YES;
				CLANG_ENABLE_OBJC_WEAK = YES;
				CLANG_WARN_BLOCK_CAPTURE_AUTORELEASING = YES;
				CLANG_WARN_BOOL_CONVERSION = YES;
				CLANG_WARN_COMMA = YES;
				CLANG_WARN_CONSTANT_CONVERSION = YES;
				CLANG_WARN_DEPRECATED_OBJC_IMPLEMENTATIONS = YES;
				CLANG_WARN_DIRECT_OBJC_ISA_USAGE = YES_ERROR;
				CLANG_WARN_DOCUMENTATION_COMMENTS = YES;
				CLANG_WARN_EMPTY_BODY = YES;
				CLANG_WARN_ENUM_CONVERSION = YES;
				CLANG_WARN_INFINITE_RECURSION = YES;
				CLANG_WARN_INT_CONVERSION = YES;
				CLANG_WARN_NON_LITERAL_NULL_CONVERSION = YES;
				CLANG_WARN_OBJC_IMPLICIT_RETAIN_SELF = YES;
				CLANG_WARN_OBJC_LITERAL_CONVERSION = YES;
				CLANG_WARN_OBJC_ROOT_CLASS = YES_ERROR;
				CLANG_WARN_RANGE_LOOP_ANALYSIS = YES;
				CLANG_WARN_STRICT_PROTOTYPES = YES;
				CLANG_WARN_SUSPICIOUS_MOVE = YES;
				CLANG_WARN_UNGUARDED_AVAILABILITY = YES_AGGRESSIVE;
				CLANG_WARN_UNREACHABLE_CODE = YES;
				CLANG_WARN__DUPLICATE_METHOD_MATCH = YES;
				COPY_PHASE_STRIP = NO;
				DEBUG_INFORMATION_FORMAT = dwarf;
				ENABLE_STRICT_OBJC_MSGSEND = YES;
				ENABLE_TESTABILITY = YES;
				GCC_C_LANGUAGE_STANDARD = gnu11;
				GCC_DYNAMIC_NO_PIC = NO;
				GCC_NO_COMMON_BLOCKS = YES;
				GCC_OPTIMIZATION_LEVEL = 0;
				GCC_PREPROCESSOR_DEFINITIONS = (
					"DEBUG=1",
					"$(inherited)",
				);
				GCC_WARN_64_TO_32_BIT_CONVERSION = YES;
				GCC_WARN_ABOUT_RETURN_TYPE = YES_ERROR;
				GCC_WARN_UNDECLARED_SELECTOR = YES;
				GCC_WARN_UNINITIALIZED_AUTOS = YES_AGGRESSIVE;
				GCC_WARN_UNUSED_FUNCTION = YES;
				GCC_WARN_UNUSED_VARIABLE = YES;
				IPHONEOS_DEPLOYMENT_TARGET = 13.4;
				MTL_ENABLE_DEBUG_INFO = INCLUDE_SOURCE;
				MTL_FAST_MATH = YES;
				ONLY_ACTIVE_ARCH = YES;
				SDKROOT = iphoneos;
				SWIFT_ACTIVE_COMPILATION_CONDITIONS = DEBUG;
				SWIFT_OPTIMIZATION_LEVEL = "-Onone";
			};
			name = Debug;
		};
		C831884A240367620098F65A /* Release */ = {
			isa = XCBuildConfiguration;
			buildSettings = {
				ALWAYS_SEARCH_USER_PATHS = NO;
				CLANG_ANALYZER_NONNULL = YES;
				CLANG_ANALYZER_NUMBER_OBJECT_CONVERSION = YES_AGGRESSIVE;
				CLANG_CXX_LANGUAGE_STANDARD = "gnu++14";
				CLANG_CXX_LIBRARY = "libc++";
				CLANG_ENABLE_MODULES = YES;
				CLANG_ENABLE_OBJC_ARC = YES;
				CLANG_ENABLE_OBJC_WEAK = YES;
				CLANG_WARN_BLOCK_CAPTURE_AUTORELEASING = YES;
				CLANG_WARN_BOOL_CONVERSION = YES;
				CLANG_WARN_COMMA = YES;
				CLANG_WARN_CONSTANT_CONVERSION = YES;
				CLANG_WARN_DEPRECATED_OBJC_IMPLEMENTATIONS = YES;
				CLANG_WARN_DIRECT_OBJC_ISA_USAGE = YES_ERROR;
				CLANG_WARN_DOCUMENTATION_COMMENTS = YES;
				CLANG_WARN_EMPTY_BODY = YES;
				CLANG_WARN_ENUM_CONVERSION = YES;
				CLANG_WARN_INFINITE_RECURSION = YES;
				CLANG_WARN_INT_CONVERSION = YES;
				CLANG_WARN_NON_LITERAL_NULL_CONVERSION = YES;
				CLANG_WARN_OBJC_IMPLICIT_RETAIN_SELF = YES;
				CLANG_WARN_OBJC_LITERAL_CONVERSION = YES;
				CLANG_WARN_OBJC_ROOT_CLASS = YES_ERROR;
				CLANG_WARN_RANGE_LOOP_ANALYSIS = YES;
				CLANG_WARN_STRICT_PROTOTYPES = YES;
				CLANG_WARN_SUSPICIOUS_MOVE = YES;
				CLANG_WARN_UNGUARDED_AVAILABILITY = YES_AGGRESSIVE;
				CLANG_WARN_UNREACHABLE_CODE = YES;
				CLANG_WARN__DUPLICATE_METHOD_MATCH = YES;
				COPY_PHASE_STRIP = NO;
				DEBUG_INFORMATION_FORMAT = "dwarf-with-dsym";
				ENABLE_NS_ASSERTIONS = NO;
				ENABLE_STRICT_OBJC_MSGSEND = YES;
				GCC_C_LANGUAGE_STANDARD = gnu11;
				GCC_NO_COMMON_BLOCKS = YES;
				GCC_WARN_64_TO_32_BIT_CONVERSION = YES;
				GCC_WARN_ABOUT_RETURN_TYPE = YES_ERROR;
				GCC_WARN_UNDECLARED_SELECTOR = YES;
				GCC_WARN_UNINITIALIZED_AUTOS = YES_AGGRESSIVE;
				GCC_WARN_UNUSED_FUNCTION = YES;
				GCC_WARN_UNUSED_VARIABLE = YES;
				IPHONEOS_DEPLOYMENT_TARGET = 13.4;
				MTL_ENABLE_DEBUG_INFO = NO;
				MTL_FAST_MATH = YES;
				SDKROOT = iphoneos;
				SWIFT_COMPILATION_MODE = wholemodule;
				SWIFT_OPTIMIZATION_LEVEL = "-O";
				VALIDATE_PRODUCT = YES;
			};
			name = Release;
		};
		C831884C240367620098F65A /* Debug */ = {
			isa = XCBuildConfiguration;
			buildSettings = {
				ASSETCATALOG_COMPILER_APPICON_NAME = AppIcon;
				CODE_SIGN_STYLE = Automatic;
				DEVELOPMENT_ASSET_PATHS = "\"SwiftUIAlertView/Preview Content\"";
				DEVELOPMENT_TEAM = XJPC47UM3W;
				ENABLE_PREVIEWS = YES;
				INFOPLIST_FILE = SwiftUIAlertView/Info.plist;
				LD_RUNPATH_SEARCH_PATHS = (
					"$(inherited)",
					"@executable_path/Frameworks",
				);
				PRODUCT_BUNDLE_IDENTIFIER = com.augmentedcode.SwiftUIAlertView;
				PRODUCT_NAME = "$(TARGET_NAME)";
				SWIFT_VERSION = 5.0;
				TARGETED_DEVICE_FAMILY = "1,2";
			};
			name = Debug;
		};
		C831884D240367620098F65A /* Release */ = {
			isa = XCBuildConfiguration;
			buildSettings = {
				ASSETCATALOG_COMPILER_APPICON_NAME = AppIcon;
				CODE_SIGN_STYLE = Automatic;
				DEVELOPMENT_ASSET_PATHS = "\"SwiftUIAlertView/Preview Content\"";
				DEVELOPMENT_TEAM = XJPC47UM3W;
				ENABLE_PREVIEWS = YES;
				INFOPLIST_FILE = SwiftUIAlertView/Info.plist;
				LD_RUNPATH_SEARCH_PATHS = (
					"$(inherited)",
					"@executable_path/Frameworks",
				);
				PRODUCT_BUNDLE_IDENTIFIER = com.augmentedcode.SwiftUIAlertView;
				PRODUCT_NAME = "$(TARGET_NAME)";
				SWIFT_VERSION = 5.0;
				TARGETED_DEVICE_FAMILY = "1,2";
			};
			name = Release;
		};
/* End XCBuildConfiguration section */

/* Begin XCConfigurationList section */
		C83188322403675F0098F65A /* Build configuration list for PBXProject "SwiftUIAlertView" */ = {
			isa = XCConfigurationList;
			buildConfigurations = (
				C8318849240367620098F65A /* Debug */,
				C831884A240367620098F65A /* Release */,
			);
			defaultConfigurationIsVisible = 0;
			defaultConfigurationName = Release;
		};
		C831884B240367620098F65A /* Build configuration list for PBXNativeTarget "SwiftUIAlertView" */ = {
			isa = XCConfigurationList;
			buildConfigurations = (
				C831884C240367620098F65A /* Debug */,
				C831884D240367620098F65A /* Release */,
			);
			defaultConfigurationIsVisible = 0;
			defaultConfigurationName = Release;
		};
/* End XCConfigurationList section */
	};
	rootObject = C831882F2403675F0098F65A /* Project object */;
}
